
Microsoft Visual Studio Solution File, Format Version 12.00
# Visual Studio Version 17
VisualStudioVersion = 17.0.32112.339
MinimumVisualStudioVersion = 10.0.40219.1
Project("{8BC9CEB8-8B4A-11D0-8D11-00A0C91BC942}") = "VulkanGfxEngine", "VulkanGfxEngine\VulkanGfxEngine.vcxproj", "{E98FB37E-364B-4509-BB88-73FD6D81402A}"
EndProject
Global
	GlobalSection(SolutionConfigurationPlatforms) = preSolution
		Debug|x64 = Debug|x64
		Debug|x86 = Debug|x86
		Release|x64 = Release|x64
		Release|x86 = Release|x86
	EndGlobalSection
	GlobalSection(ProjectConfigurationPlatforms) = postSolution
		{E98FB37E-364B-4509-BB88-73FD6D81402A}.Debug|x64.ActiveCfg = Debug|x64
		{E98FB37E-364B-4509-BB88-73FD6D81402A}.Debug|x64.Build.0 = Debug|x64
		{E98FB37E-364B-4509-BB88-73FD6D81402A}.Debug|x86.ActiveCfg = Debug|Win32
		{E98FB37E-364B-4509-BB88-73FD6D81402A}.Debug|x86.Build.0 = Debug|Win32
		{E98FB37E-364B-4509-BB88-73FD6D81402A}.Release|x64.ActiveCfg = Release|x64
		{E98FB37E-364B-4509-BB88-73FD6D81402A}.Release|x64.Build.0 = Release|x64
		{E98FB37E-364B-4509-BB88-73FD6D81402A}.Release|x86.ActiveCfg = Release|Win32
		{E98FB37E-364B-4509-BB88-73FD6D81402A}.Release|x86.Build.0 = Release|Win32
	EndGlobalSection
	GlobalSection(SolutionProperties) = preSolution
		HideSolutionNode = FALSE
	EndGlobalSection
	GlobalSection(ExtensibilityGlobals) = postSolution
		SolutionGuid = {96A368A1-7A3E-44BA-9602-ACF602590ECB}
	EndGlobalSection
EndGlobal
